
Microsoft Visual Studio Solution File, Format Version 12.00
# Visual Studio Version 17
VisualStudioVersion = 17.8.34316.72
MinimumVisualStudioVersion = 10.0.40219.1
Project("{FAE04EC0-301F-11D3-BF4B-00C04F79EFBC}") = "WebApi", "WebApi.csproj", "{EB08121A-997A-420C-BDB0-BACCEE3A827B}"
EndProject
Global
	GlobalSection(SolutionConfigurationPlatforms) = preSolution
		Debug|Any CPU = Debug|Any CPU
		Release|Any CPU = Release|Any CPU
	EndGlobalSection
	GlobalSection(ProjectConfigurationPlatforms) = postSolution
		{EB08121A-997A-420C-BDB0-BACCEE3A827B}.Debug|Any CPU.ActiveCfg = Debug|Any CPU
		{EB08121A-997A-420C-BDB0-BACCEE3A827B}.Debug|Any CPU.Build.0 = Debug|Any CPU
		{EB08121A-997A-420C-BDB0-BACCEE3A827B}.Release|Any CPU.ActiveCfg = Release|Any CPU
		{EB08121A-997A-420C-BDB0-BACCEE3A827B}.Release|Any CPU.Build.0 = Release|Any CPU
	EndGlobalSection
	GlobalSection(SolutionProperties) = preSolution
		HideSolutionNode = FALSE
	EndGlobalSection
	GlobalSection(ExtensibilityGlobals) = postSolution
		SolutionGuid = {F482D450-6C60-48BE-B492-ACBA9E479749}
	EndGlobalSection
EndGlobal
